
Microsoft Visual Studio Solution File, Format Version 12.00
# Visual Studio Version 16
VisualStudioVersion = 16.0.32002.261
MinimumVisualStudioVersion = 10.0.40219.1
Project("{FAE04EC0-301F-11D3-BF4B-00C04F79EFBC}") = "Product_Collection", "Product_Collection\Product_Collection.csproj", "{146B20B5-7ACA-4455-906D-D9FF845BD06B}"
EndProject
Global
	GlobalSection(SolutionConfigurationPlatforms) = preSolution
		Debug|Any CPU = Debug|Any CPU
		Release|Any CPU = Release|Any CPU
	EndGlobalSection
	GlobalSection(ProjectConfigurationPlatforms) = postSolution
		{146B20B5-7ACA-4455-906D-D9FF845BD06B}.Debug|Any CPU.ActiveCfg = Debug|Any CPU
		{146B20B5-7ACA-4455-906D-D9FF845BD06B}.Debug|Any CPU.Build.0 = Debug|Any CPU
		{146B20B5-7ACA-4455-906D-D9FF845BD06B}.Release|Any CPU.ActiveCfg = Release|Any CPU
		{146B20B5-7ACA-4455-906D-D9FF845BD06B}.Release|Any CPU.Build.0 = Release|Any CPU
	EndGlobalSection
	GlobalSection(SolutionProperties) = preSolution
		HideSolutionNode = FALSE
	EndGlobalSection
	GlobalSection(ExtensibilityGlobals) = postSolution
		SolutionGuid = {6058F9C9-519C-4C80-B459-1F54CDEDC58F}
	EndGlobalSection
EndGlobal
