
Microsoft Visual Studio Solution File, Format Version 12.00
# Visual Studio Version 17
VisualStudioVersion = 17.1.32210.238
MinimumVisualStudioVersion = 10.0.40219.1
Project("{FAE04EC0-301F-11D3-BF4B-00C04F79EFBC}") = "FurnitureExercise", "FurnitureExercise\FurnitureExercise.csproj", "{66DE9057-A73B-4319-8025-FB9C1A4A9B71}"
EndProject
Global
	GlobalSection(SolutionConfigurationPlatforms) = preSolution
		Debug|Any CPU = Debug|Any CPU
		Release|Any CPU = Release|Any CPU
	EndGlobalSection
	GlobalSection(ProjectConfigurationPlatforms) = postSolution
		{66DE9057-A73B-4319-8025-FB9C1A4A9B71}.Debug|Any CPU.ActiveCfg = Debug|Any CPU
		{66DE9057-A73B-4319-8025-FB9C1A4A9B71}.Debug|Any CPU.Build.0 = Debug|Any CPU
		{66DE9057-A73B-4319-8025-FB9C1A4A9B71}.Release|Any CPU.ActiveCfg = Release|Any CPU
		{66DE9057-A73B-4319-8025-FB9C1A4A9B71}.Release|Any CPU.Build.0 = Release|Any CPU
	EndGlobalSection
	GlobalSection(SolutionProperties) = preSolution
		HideSolutionNode = FALSE
	EndGlobalSection
	GlobalSection(ExtensibilityGlobals) = postSolution
		SolutionGuid = {1E3B759B-C46D-4D2D-8AD1-1A583EDB81C4}
	EndGlobalSection
EndGlobal
