
Microsoft Visual Studio Solution File, Format Version 12.00
# Visual Studio Version 17
VisualStudioVersion = 17.1.32210.238
MinimumVisualStudioVersion = 10.0.40219.1
Project("{FAE04EC0-301F-11D3-BF4B-00C04F79EFBC}") = "Sitch_case_calculator", "Sitch_case_calculator\Sitch_case_calculator.csproj", "{55F27288-7FC7-43FC-ACC7-299FC96C3325}"
EndProject
Global
	GlobalSection(SolutionConfigurationPlatforms) = preSolution
		Debug|Any CPU = Debug|Any CPU
		Release|Any CPU = Release|Any CPU
	EndGlobalSection
	GlobalSection(ProjectConfigurationPlatforms) = postSolution
		{55F27288-7FC7-43FC-ACC7-299FC96C3325}.Debug|Any CPU.ActiveCfg = Debug|Any CPU
		{55F27288-7FC7-43FC-ACC7-299FC96C3325}.Debug|Any CPU.Build.0 = Debug|Any CPU
		{55F27288-7FC7-43FC-ACC7-299FC96C3325}.Release|Any CPU.ActiveCfg = Release|Any CPU
		{55F27288-7FC7-43FC-ACC7-299FC96C3325}.Release|Any CPU.Build.0 = Release|Any CPU
	EndGlobalSection
	GlobalSection(SolutionProperties) = preSolution
		HideSolutionNode = FALSE
	EndGlobalSection
	GlobalSection(ExtensibilityGlobals) = postSolution
		SolutionGuid = {5169C4A1-789A-4999-BCD4-51AD5FC05349}
	EndGlobalSection
EndGlobal
