
Microsoft Visual Studio Solution File, Format Version 12.00
# Visual Studio Version 17
VisualStudioVersion = 17.1.32210.238
MinimumVisualStudioVersion = 10.0.40219.1
Project("{FAE04EC0-301F-11D3-BF4B-00C04F79EFBC}") = "Temperature_converter", "Temperature_converter\Temperature_converter.csproj", "{F93A308E-3D8F-4572-A457-8BCBA8BD0591}"
EndProject
Global
	GlobalSection(SolutionConfigurationPlatforms) = preSolution
		Debug|Any CPU = Debug|Any CPU
		Release|Any CPU = Release|Any CPU
	EndGlobalSection
	GlobalSection(ProjectConfigurationPlatforms) = postSolution
		{F93A308E-3D8F-4572-A457-8BCBA8BD0591}.Debug|Any CPU.ActiveCfg = Debug|Any CPU
		{F93A308E-3D8F-4572-A457-8BCBA8BD0591}.Debug|Any CPU.Build.0 = Debug|Any CPU
		{F93A308E-3D8F-4572-A457-8BCBA8BD0591}.Release|Any CPU.ActiveCfg = Release|Any CPU
		{F93A308E-3D8F-4572-A457-8BCBA8BD0591}.Release|Any CPU.Build.0 = Release|Any CPU
	EndGlobalSection
	GlobalSection(SolutionProperties) = preSolution
		HideSolutionNode = FALSE
	EndGlobalSection
	GlobalSection(ExtensibilityGlobals) = postSolution
		SolutionGuid = {4AC3A277-37A0-458F-AE90-3DBB3DD36155}
	EndGlobalSection
EndGlobal
