
Microsoft Visual Studio Solution File, Format Version 12.00
# Visual Studio Version 16
VisualStudioVersion = 16.0.32002.261
MinimumVisualStudioVersion = 10.0.40219.1
Project("{FAE04EC0-301F-11D3-BF4B-00C04F79EFBC}") = "Excercise_2_Average_Temprature", "Excercise_2_Average_Temprature\Excercise_2_Average_Temprature.csproj", "{3294BC15-BA3B-4C56-BDC1-20AADE5D29A1}"
EndProject
Global
	GlobalSection(SolutionConfigurationPlatforms) = preSolution
		Debug|Any CPU = Debug|Any CPU
		Release|Any CPU = Release|Any CPU
	EndGlobalSection
	GlobalSection(ProjectConfigurationPlatforms) = postSolution
		{3294BC15-BA3B-4C56-BDC1-20AADE5D29A1}.Debug|Any CPU.ActiveCfg = Debug|Any CPU
		{3294BC15-BA3B-4C56-BDC1-20AADE5D29A1}.Debug|Any CPU.Build.0 = Debug|Any CPU
		{3294BC15-BA3B-4C56-BDC1-20AADE5D29A1}.Release|Any CPU.ActiveCfg = Release|Any CPU
		{3294BC15-BA3B-4C56-BDC1-20AADE5D29A1}.Release|Any CPU.Build.0 = Release|Any CPU
	EndGlobalSection
	GlobalSection(SolutionProperties) = preSolution
		HideSolutionNode = FALSE
	EndGlobalSection
	GlobalSection(ExtensibilityGlobals) = postSolution
		SolutionGuid = {3DAD01CA-9AEB-4CEA-8C69-AD736B7AC0E8}
	EndGlobalSection
EndGlobal
